{
  "nodes": {
    "crane": {
      "locked": {
        "lastModified": 1777242778,
        "narHash": "sha256-VWTeqWeb8Sel/QiWyaPvCa9luAbcGawR+Rw09FJoHz0=",
        "owner": "ipetkov",
        "repo": "crane",
        "rev": "ad8b31ad0ba8448bd958d7a5d50d811dc5d271c0",
        "type": "github"
      },
      "original": {
        "owner": "ipetkov",
        "repo": "crane",
        "type": "github"
      }
    },
    "flake-compat": {
      "flake": false,
      "locked": {
        "lastModified": 1767039857,
        "narHash": "sha256-vNpUSpF5Nuw8xvDLj2KCwwksIbjua2LZCqhV1LNRDns=",
        "owner": "NixOS",
        "repo": "flake-compat",
        "rev": "5edf11c44bc78a0d334f6334cdaf7d60d732daab",
        "type": "github"
      },
      "original": {
        "owner": "NixOS",
        "repo": "flake-compat",
        "type": "github"
      }
    },
    "gitignore": {
      "inputs": {
        "nixpkgs": [
          "lanzaboote",
          "pre-commit",
          "nixpkgs"
        ]
      },
      "locked": {
        "lastModified": 1709087332,
        "narHash": "sha256-HG2cCnktfHsKV0s4XW83gU3F57gaTljL9KNSuG6bnQs=",
        "owner": "hercules-ci",
        "repo": "gitignore.nix",
        "rev": "637db329424fd7e46cf4185293b9cc8c88c95394",
        "type": "github"
      },
      "original": {
        "owner": "hercules-ci",
        "repo": "gitignore.nix",
        "type": "github"
      }
    },
    "home-manager": {
      "inputs": {
        "nixpkgs": [
          "nixpkgs"
        ]
      },
      "locked": {
        "lastModified": 1777760447,
        "narHash": "sha256-6Tq5I0u85ROgesFWvFUrWsJvPtIn51nsPU+EgXAMl/0=",
        "owner": "nix-community",
        "repo": "home-manager",
        "rev": "561bd674646db26ebfccc79b4fbef89f335505db",
        "type": "github"
      },
      "original": {
        "owner": "nix-community",
        "repo": "home-manager",
        "type": "github"
      }
    },
    "lanzaboote": {
      "inputs": {
        "crane": "crane",
        "nixpkgs": [
          "nixpkgs"
        ],
        "pre-commit": "pre-commit",
        "rust-overlay": "rust-overlay"
      },
      "locked": {
        "lastModified": 1777299656,
        "narHash": "sha256-c0r3xXp2+xFJwkryS+nhyQwoACbFzSt4C1TVs3QMh8E=",
        "owner": "nix-community",
        "repo": "lanzaboote",
        "rev": "079c608988c2747db3902c9de033572cd50e8656",
        "type": "github"
      },
      "original": {
        "owner": "nix-community",
        "repo": "lanzaboote",
        "type": "github"
      }
    },
    "nix-darwin": {
      "inputs": {
        "nixpkgs": [
          "nixpkgs"
        ]
      },
      "locked": {
        "lastModified": 1777350865,
        "narHash": "sha256-qO9gBD/725jKi6M4xo7yqibmKyr5ewemiCyTUgykjBc=",
        "owner": "nix-darwin",
        "repo": "nix-darwin",
        "rev": "b1737791a9fe126a8d0e7639e00b6d6b3c8a7901",
        "type": "github"
      },
      "original": {
        "owner": "nix-darwin",
        "repo": "nix-darwin",
        "type": "github"
      }
    },
    "nixpkgs": {
      "locked": {
        "lastModified": 1777760656,
        "narHash": "sha256-WZ5j746MCZk4xavM62+P58m9ylq0qlxG1d5Q/aPw/kg=",
        "owner": "NixOS",
        "repo": "nixpkgs",
        "rev": "e1812ab0c62beccedcdf95fb513a64a3a114d3ba",
        "type": "github"
      },
      "original": {
        "owner": "NixOS",
        "ref": "nixpkgs-unstable",
        "repo": "nixpkgs",
        "type": "github"
      }
    },
    "pre-commit": {
      "inputs": {
        "flake-compat": "flake-compat",
        "gitignore": "gitignore",
        "nixpkgs": [
          "lanzaboote",
          "nixpkgs"
        ]
      },
      "locked": {
        "lastModified": 1776796298,
        "narHash": "sha256-PcRvlWayisPSjd0UcRQbhG8Oqw78AcPE6x872cPRHN8=",
        "owner": "cachix",
        "repo": "pre-commit-hooks.nix",
        "rev": "3cfd774b0a530725a077e17354fbdb87ea1c4aad",
        "type": "github"
      },
      "original": {
        "owner": "cachix",
        "repo": "pre-commit-hooks.nix",
        "type": "github"
      }
    },
    "root": {
      "inputs": {
        "home-manager": "home-manager",
        "lanzaboote": "lanzaboote",
        "nix-darwin": "nix-darwin",
        "nixpkgs": "nixpkgs"
      }
    },
    "rust-overlay": {
      "inputs": {
        "nixpkgs": [
          "lanzaboote",
          "nixpkgs"
        ]
      },
      "locked": {
        "lastModified": 1777173302,
        "narHash": "sha256-ERiu3cbxvnTDxiDcimRA7af7xp6x1y0sRyLGm28Qzz8=",
        "owner": "oxalica",
        "repo": "rust-overlay",
        "rev": "aaec8c50baeaf2f2ba653e8aae71778a2bbbac94",
        "type": "github"
      },
      "original": {
        "owner": "oxalica",
        "repo": "rust-overlay",
        "type": "github"
      }
    }
  },
  "root": "root",
  "version": 7
}
